
Microsoft Visual Studio Solution File, Format Version 12.00
# Visual Studio Version 17
VisualStudioVersion = 17.0.31903.59
MinimumVisualStudioVersion = 10.0.40219.1
Project("{FAE04EC0-301F-11D3-BF4B-00C04F79EFBC}") = "Vertical.DbExport", "src\Vertical.DbExport.csproj", "{5163A1AA-459C-4B41-8737-63CB3EFC3132}"
EndProject
Project("{FAE04EC0-301F-11D3-BF4B-00C04F79EFBC}") = "Vertical.DbExport.Tests", "test\Vertical.DbExport.Tests.csproj", "{29D3C9CD-2E8D-4996-ABDF-BB8D825F8D96}"
EndProject
Global
	GlobalSection(SolutionConfigurationPlatforms) = preSolution
		Debug|Any CPU = Debug|Any CPU
		Release|Any CPU = Release|Any CPU
	EndGlobalSection
	GlobalSection(SolutionProperties) = preSolution
		HideSolutionNode = FALSE
	EndGlobalSection
	GlobalSection(ProjectConfigurationPlatforms) = postSolution
		{5163A1AA-459C-4B41-8737-63CB3EFC3132}.Debug|Any CPU.ActiveCfg = Debug|Any CPU
		{5163A1AA-459C-4B41-8737-63CB3EFC3132}.Debug|Any CPU.Build.0 = Debug|Any CPU
		{5163A1AA-459C-4B41-8737-63CB3EFC3132}.Release|Any CPU.ActiveCfg = Release|Any CPU
		{5163A1AA-459C-4B41-8737-63CB3EFC3132}.Release|Any CPU.Build.0 = Release|Any CPU
		{29D3C9CD-2E8D-4996-ABDF-BB8D825F8D96}.Debug|Any CPU.ActiveCfg = Debug|Any CPU
		{29D3C9CD-2E8D-4996-ABDF-BB8D825F8D96}.Debug|Any CPU.Build.0 = Debug|Any CPU
		{29D3C9CD-2E8D-4996-ABDF-BB8D825F8D96}.Release|Any CPU.ActiveCfg = Release|Any CPU
		{29D3C9CD-2E8D-4996-ABDF-BB8D825F8D96}.Release|Any CPU.Build.0 = Release|Any CPU
	EndGlobalSection
EndGlobal
